
Microsoft Visual Studio Solution File, Format Version 12.00
# Visual Studio 15
VisualStudioVersion = 15.0.28307.168
MinimumVisualStudioVersion = 10.0.40219.1
Project("{FAE04EC0-301F-11D3-BF4B-00C04F79EFBC}") = "RandomSquadCreater", "RandomSquadCreater\RandomSquadCreater.csproj", "{DD47C715-D7CF-4319-89A6-A28921BA266C}"
EndProject
Project("{FAE04EC0-301F-11D3-BF4B-00C04F79EFBC}") = "RandomSquadCreater.UI", "RandomSquadCreater.UI\RandomSquadCreater.UI.csproj", "{5459EF38-A547-456E-9B3C-921A9C6DE50D}"
EndProject
Project("{FAE04EC0-301F-11D3-BF4B-00C04F79EFBC}") = "RandomSquadCreater.Api", "RandomSquadCreater.Api\RandomSquadCreater.Api.csproj", "{6040CEDD-4A06-4F13-9651-4573DDF9E257}"
	ProjectSection(ProjectDependencies) = postProject
		{DD47C715-D7CF-4319-89A6-A28921BA266C} = {DD47C715-D7CF-4319-89A6-A28921BA266C}
	EndProjectSection
EndProject
Global
	GlobalSection(SolutionConfigurationPlatforms) = preSolution
		Debug|Any CPU = Debug|Any CPU
		Release|Any CPU = Release|Any CPU
	EndGlobalSection
	GlobalSection(ProjectConfigurationPlatforms) = postSolution
		{DD47C715-D7CF-4319-89A6-A28921BA266C}.Debug|Any CPU.ActiveCfg = Debug|Any CPU
		{DD47C715-D7CF-4319-89A6-A28921BA266C}.Debug|Any CPU.Build.0 = Debug|Any CPU
		{DD47C715-D7CF-4319-89A6-A28921BA266C}.Release|Any CPU.ActiveCfg = Release|Any CPU
		{DD47C715-D7CF-4319-89A6-A28921BA266C}.Release|Any CPU.Build.0 = Release|Any CPU
		{5459EF38-A547-456E-9B3C-921A9C6DE50D}.Debug|Any CPU.ActiveCfg = Debug|Any CPU
		{5459EF38-A547-456E-9B3C-921A9C6DE50D}.Debug|Any CPU.Build.0 = Debug|Any CPU
		{5459EF38-A547-456E-9B3C-921A9C6DE50D}.Release|Any CPU.ActiveCfg = Release|Any CPU
		{5459EF38-A547-456E-9B3C-921A9C6DE50D}.Release|Any CPU.Build.0 = Release|Any CPU
		{6040CEDD-4A06-4F13-9651-4573DDF9E257}.Debug|Any CPU.ActiveCfg = Debug|Any CPU
		{6040CEDD-4A06-4F13-9651-4573DDF9E257}.Debug|Any CPU.Build.0 = Debug|Any CPU
		{6040CEDD-4A06-4F13-9651-4573DDF9E257}.Release|Any CPU.ActiveCfg = Release|Any CPU
		{6040CEDD-4A06-4F13-9651-4573DDF9E257}.Release|Any CPU.Build.0 = Release|Any CPU
	EndGlobalSection
	GlobalSection(SolutionProperties) = preSolution
		HideSolutionNode = FALSE
	EndGlobalSection
	GlobalSection(ExtensibilityGlobals) = postSolution
		SolutionGuid = {63B3998D-96CB-4C43-874D-710ED51CAB91}
	EndGlobalSection
EndGlobal
